
Microsoft Visual Studio Solution File, Format Version 12.00
# Visual Studio Version 16
VisualStudioVersion = 16.0.30709.132
MinimumVisualStudioVersion = 10.0.40219.1
Project("{FAE04EC0-301F-11D3-BF4B-00C04F79EFBC}") = "MinecraftBedrockStatusBot", "MinecraftBedrockStatusBot\MinecraftBedrockStatusBot.csproj", "{6FF88CFC-297B-42F1-A336-E3ED074B2C8A}"
EndProject
Global
	GlobalSection(SolutionConfigurationPlatforms) = preSolution
		Debug|Any CPU = Debug|Any CPU
		Release|Any CPU = Release|Any CPU
	EndGlobalSection
	GlobalSection(ProjectConfigurationPlatforms) = postSolution
		{6FF88CFC-297B-42F1-A336-E3ED074B2C8A}.Debug|Any CPU.ActiveCfg = Debug|Any CPU
		{6FF88CFC-297B-42F1-A336-E3ED074B2C8A}.Debug|Any CPU.Build.0 = Debug|Any CPU
		{6FF88CFC-297B-42F1-A336-E3ED074B2C8A}.Release|Any CPU.ActiveCfg = Release|Any CPU
		{6FF88CFC-297B-42F1-A336-E3ED074B2C8A}.Release|Any CPU.Build.0 = Release|Any CPU
	EndGlobalSection
	GlobalSection(SolutionProperties) = preSolution
		HideSolutionNode = FALSE
	EndGlobalSection
	GlobalSection(ExtensibilityGlobals) = postSolution
		SolutionGuid = {AE6EE62D-C85F-454A-8132-C986319E1895}
	EndGlobalSection
EndGlobal
